
Microsoft Visual Studio Solution File, Format Version 12.00
# Visual Studio Version 17
VisualStudioVersion = 17.0.31903.59
MinimumVisualStudioVersion = 10.0.40219.1
Project("{9A19103F-16F7-4668-BE54-9A1E7A4F7556}") = "ExtremeMultiThreadCPU", "src\ExtremeMultiThreadCPU.csproj", "{3BEB0870-5D47-4B0B-8699-33A47C0AD95C}"
EndProject
Global
	GlobalSection(SolutionConfigurationPlatforms) = preSolution
		Debug|Any CPU = Debug|Any CPU
		Release|Any CPU = Release|Any CPU
	EndGlobalSection
	GlobalSection(ProjectConfigurationPlatforms) = postSolution
		{3BEB0870-5D47-4B0B-8699-33A47C0AD95C}.Debug|Any CPU.ActiveCfg = Debug|Any CPU
		{3BEB0870-5D47-4B0B-8699-33A47C0AD95C}.Debug|Any CPU.Build.0 = Debug|Any CPU
		{3BEB0870-5D47-4B0B-8699-33A47C0AD95C}.Release|Any CPU.ActiveCfg = Release|Any CPU
		{3BEB0870-5D47-4B0B-8699-33A47C0AD95C}.Release|Any CPU.Build.0 = Release|Any CPU
	EndGlobalSection
	GlobalSection(SolutionProperties) = preSolution
		HideSolutionNode = FALSE
	EndGlobalSection
	GlobalSection(ExtensibilityGlobals) = postSolution
		SolutionGuid = {F4687C41-8415-4F05-A6B6-96B6AEA40B70}
	EndGlobalSection
EndGlobal
